
Microsoft Visual Studio Solution File, Format Version 12.00
# Visual Studio Version 17
VisualStudioVersion = 17.9.34607.119
MinimumVisualStudioVersion = 10.0.40219.1
Project("{FAE04EC0-301F-11D3-BF4B-00C04F79EFBC}") = "AuthApi", "AuthApi.csproj", "{899F39EF-8378-44BC-8213-15CF7581A09A}"
EndProject
Global
	GlobalSection(SolutionConfigurationPlatforms) = preSolution
		Debug|Any CPU = Debug|Any CPU
		Release|Any CPU = Release|Any CPU
	EndGlobalSection
	GlobalSection(ProjectConfigurationPlatforms) = postSolution
		{899F39EF-8378-44BC-8213-15CF7581A09A}.Debug|Any CPU.ActiveCfg = Debug|Any CPU
		{899F39EF-8378-44BC-8213-15CF7581A09A}.Debug|Any CPU.Build.0 = Debug|Any CPU
		{899F39EF-8378-44BC-8213-15CF7581A09A}.Release|Any CPU.ActiveCfg = Release|Any CPU
		{899F39EF-8378-44BC-8213-15CF7581A09A}.Release|Any CPU.Build.0 = Release|Any CPU
	EndGlobalSection
	GlobalSection(SolutionProperties) = preSolution
		HideSolutionNode = FALSE
	EndGlobalSection
	GlobalSection(ExtensibilityGlobals) = postSolution
		SolutionGuid = {4B89F684-B402-4FB6-A37E-C264AD5526E8}
	EndGlobalSection
EndGlobal
